
Microsoft Visual Studio Solution File, Format Version 12.00
# Visual Studio Version 17
VisualStudioVersion = 17.13.35818.85 d17.13
MinimumVisualStudioVersion = 10.0.40219.1
Project("{FAE04EC0-301F-11D3-BF4B-00C04F79EFBC}") = "No Forum", "No Forum.csproj", "{C6E50F1E-A232-4B6D-ACF1-FC4AED4903D1}"
EndProject
Global
	GlobalSection(SolutionConfigurationPlatforms) = preSolution
		Debug|Any CPU = Debug|Any CPU
		Release|Any CPU = Release|Any CPU
	EndGlobalSection
	GlobalSection(ProjectConfigurationPlatforms) = postSolution
		{C6E50F1E-A232-4B6D-ACF1-FC4AED4903D1}.Debug|Any CPU.ActiveCfg = Debug|Any CPU
		{C6E50F1E-A232-4B6D-ACF1-FC4AED4903D1}.Debug|Any CPU.Build.0 = Debug|Any CPU
		{C6E50F1E-A232-4B6D-ACF1-FC4AED4903D1}.Release|Any CPU.ActiveCfg = Release|Any CPU
		{C6E50F1E-A232-4B6D-ACF1-FC4AED4903D1}.Release|Any CPU.Build.0 = Release|Any CPU
	EndGlobalSection
	GlobalSection(SolutionProperties) = preSolution
		HideSolutionNode = FALSE
	EndGlobalSection
	GlobalSection(ExtensibilityGlobals) = postSolution
		SolutionGuid = {83B71F2B-015C-4E15-8C47-AC4918A5FF2D}
	EndGlobalSection
EndGlobal
